
Microsoft Visual Studio Solution File, Format Version 12.00
# Visual Studio 15
VisualStudioVersion = 15.0.26009.0
MinimumVisualStudioVersion = 10.0.40219.1
Project("{FAE04EC0-301F-11D3-BF4B-00C04F79EFBC}") = "Immuno", "Immuno\Immuno.csproj", "{32E4B61B-EA6A-4FDF-9D4C-BEDCED6EAEC6}"
EndProject
Project("{FAE04EC0-301F-11D3-BF4B-00C04F79EFBC}") = "Immuno.Web", "Immuno.Web\Immuno.Web.csproj", "{7D435B46-5001-47CA-9910-C01BAB990344}"
EndProject
Project("{FAE04EC0-301F-11D3-BF4B-00C04F79EFBC}") = "Immuno.Database.DocumentDB", "Immuno.Database.DocumentDB\Immuno.Database.DocumentDB.csproj", "{4941E4C0-DA98-47C2-AB9D-A4D6A018663A}"
EndProject
Project("{2150E333-8FDC-42A3-9474-1A3956D46DE8}") = "0.Libs", "0.Libs", "{1EA101F2-63BB-4B8B-9F59-AE8F660F4A13}"
EndProject
Project("{FAE04EC0-301F-11D3-BF4B-00C04F79EFBC}") = "Immuno.Vitae.Core", "Immuno.Vitae.Core\Immuno.Vitae.Core.csproj", "{F1907697-48EB-4CC3-A44B-4A054ED5E96F}"
EndProject
Project("{2150E333-8FDC-42A3-9474-1A3956D46DE8}") = "3.Project", "3.Project", "{1D525D87-6EE2-4028-8474-B6D9B2C30E13}"
EndProject
Project("{2150E333-8FDC-42A3-9474-1A3956D46DE8}") = "0.Vitae", "0.Vitae", "{41EAC61D-9842-4D3D-B271-A4E82479A6D5}"
EndProject
Project("{FAE04EC0-301F-11D3-BF4B-00C04F79EFBC}") = "Immuno.Vitae.Model", "Immuno.Vitae.Model\Immuno.Vitae.Model.csproj", "{DC6C5FB5-3B1B-4C01-BB55-0244F2F9267C}"
EndProject
Project("{FAE04EC0-301F-11D3-BF4B-00C04F79EFBC}") = "Immuno.Vitae", "Immuno.Vitae\Immuno.Vitae.csproj", "{E06A5B58-A0C9-4A75-8104-782332A364EA}"
EndProject
Project("{2150E333-8FDC-42A3-9474-1A3956D46DE8}") = "9.GanDong", "9.GanDong", "{86629BB5-F133-49F5-934E-2715431125DF}"
EndProject
Project("{FAE04EC0-301F-11D3-BF4B-00C04F79EFBC}") = "Immuno.UI", "Immuno.UI\Immuno.UI.csproj", "{3969E23A-E219-4EA3-8FF1-B027F72CA603}"
EndProject
Project("{FAE04EC0-301F-11D3-BF4B-00C04F79EFBC}") = "Immuno.GanDong", "Immuno.GanDong\Immuno.GanDong.csproj", "{B83B8D82-8F5D-46AF-9403-3020CAB2368A}"
EndProject
Project("{9A19103F-16F7-4668-BE54-9A1E7A4F7556}") = "Immuno.UI.GanDong", "Immuno.UI.GanDong\Immuno.UI.GanDong.csproj", "{F7E3CA05-38FF-4AEE-AEFF-CF22F756DCA4}"
EndProject
Global
	GlobalSection(SolutionConfigurationPlatforms) = preSolution
		Debug|Any CPU = Debug|Any CPU
		Debug|x64 = Debug|x64
		Debug|x86 = Debug|x86
		Release|Any CPU = Release|Any CPU
		Release|x64 = Release|x64
		Release|x86 = Release|x86
	EndGlobalSection
	GlobalSection(ProjectConfigurationPlatforms) = postSolution
		{32E4B61B-EA6A-4FDF-9D4C-BEDCED6EAEC6}.Debug|Any CPU.ActiveCfg = Debug|Any CPU
		{32E4B61B-EA6A-4FDF-9D4C-BEDCED6EAEC6}.Debug|Any CPU.Build.0 = Debug|Any CPU
		{32E4B61B-EA6A-4FDF-9D4C-BEDCED6EAEC6}.Debug|x64.ActiveCfg = Debug|x64
		{32E4B61B-EA6A-4FDF-9D4C-BEDCED6EAEC6}.Debug|x64.Build.0 = Debug|x64
		{32E4B61B-EA6A-4FDF-9D4C-BEDCED6EAEC6}.Debug|x86.ActiveCfg = Debug|x86
		{32E4B61B-EA6A-4FDF-9D4C-BEDCED6EAEC6}.Debug|x86.Build.0 = Debug|x86
		{32E4B61B-EA6A-4FDF-9D4C-BEDCED6EAEC6}.Release|Any CPU.ActiveCfg = Release|Any CPU
		{32E4B61B-EA6A-4FDF-9D4C-BEDCED6EAEC6}.Release|Any CPU.Build.0 = Release|Any CPU
		{32E4B61B-EA6A-4FDF-9D4C-BEDCED6EAEC6}.Release|x64.ActiveCfg = Release|x64
		{32E4B61B-EA6A-4FDF-9D4C-BEDCED6EAEC6}.Release|x64.Build.0 = Release|x64
		{32E4B61B-EA6A-4FDF-9D4C-BEDCED6EAEC6}.Release|x86.ActiveCfg = Release|x86
		{32E4B61B-EA6A-4FDF-9D4C-BEDCED6EAEC6}.Release|x86.Build.0 = Release|x86
		{7D435B46-5001-47CA-9910-C01BAB990344}.Debug|Any CPU.ActiveCfg = Debug|Any CPU
		{7D435B46-5001-47CA-9910-C01BAB990344}.Debug|Any CPU.Build.0 = Debug|Any CPU
		{7D435B46-5001-47CA-9910-C01BAB990344}.Debug|x64.ActiveCfg = Debug|x64
		{7D435B46-5001-47CA-9910-C01BAB990344}.Debug|x64.Build.0 = Debug|x64
		{7D435B46-5001-47CA-9910-C01BAB990344}.Debug|x86.ActiveCfg = Debug|x86
		{7D435B46-5001-47CA-9910-C01BAB990344}.Debug|x86.Build.0 = Debug|x86
		{7D435B46-5001-47CA-9910-C01BAB990344}.Release|Any CPU.ActiveCfg = Release|Any CPU
		{7D435B46-5001-47CA-9910-C01BAB990344}.Release|Any CPU.Build.0 = Release|Any CPU
		{7D435B46-5001-47CA-9910-C01BAB990344}.Release|x64.ActiveCfg = Release|x64
		{7D435B46-5001-47CA-9910-C01BAB990344}.Release|x64.Build.0 = Release|x64
		{7D435B46-5001-47CA-9910-C01BAB990344}.Release|x86.ActiveCfg = Release|x86
		{7D435B46-5001-47CA-9910-C01BAB990344}.Release|x86.Build.0 = Release|x86
		{4941E4C0-DA98-47C2-AB9D-A4D6A018663A}.Debug|Any CPU.ActiveCfg = Debug|Any CPU
		{4941E4C0-DA98-47C2-AB9D-A4D6A018663A}.Debug|Any CPU.Build.0 = Debug|Any CPU
		{4941E4C0-DA98-47C2-AB9D-A4D6A018663A}.Debug|x64.ActiveCfg = Debug|x64
		{4941E4C0-DA98-47C2-AB9D-A4D6A018663A}.Debug|x64.Build.0 = Debug|x64
		{4941E4C0-DA98-47C2-AB9D-A4D6A018663A}.Debug|x86.ActiveCfg = Debug|x86
		{4941E4C0-DA98-47C2-AB9D-A4D6A018663A}.Debug|x86.Build.0 = Debug|x86
		{4941E4C0-DA98-47C2-AB9D-A4D6A018663A}.Release|Any CPU.ActiveCfg = Release|Any CPU
		{4941E4C0-DA98-47C2-AB9D-A4D6A018663A}.Release|Any CPU.Build.0 = Release|Any CPU
		{4941E4C0-DA98-47C2-AB9D-A4D6A018663A}.Release|x64.ActiveCfg = Release|x64
		{4941E4C0-DA98-47C2-AB9D-A4D6A018663A}.Release|x64.Build.0 = Release|x64
		{4941E4C0-DA98-47C2-AB9D-A4D6A018663A}.Release|x86.ActiveCfg = Release|x86
		{4941E4C0-DA98-47C2-AB9D-A4D6A018663A}.Release|x86.Build.0 = Release|x86
		{F1907697-48EB-4CC3-A44B-4A054ED5E96F}.Debug|Any CPU.ActiveCfg = Debug|Any CPU
		{F1907697-48EB-4CC3-A44B-4A054ED5E96F}.Debug|Any CPU.Build.0 = Debug|Any CPU
		{F1907697-48EB-4CC3-A44B-4A054ED5E96F}.Debug|x64.ActiveCfg = Debug|x64
		{F1907697-48EB-4CC3-A44B-4A054ED5E96F}.Debug|x64.Build.0 = Debug|x64
		{F1907697-48EB-4CC3-A44B-4A054ED5E96F}.Debug|x86.ActiveCfg = Debug|x86
		{F1907697-48EB-4CC3-A44B-4A054ED5E96F}.Debug|x86.Build.0 = Debug|x86
		{F1907697-48EB-4CC3-A44B-4A054ED5E96F}.Release|Any CPU.ActiveCfg = Release|Any CPU
		{F1907697-48EB-4CC3-A44B-4A054ED5E96F}.Release|Any CPU.Build.0 = Release|Any CPU
		{F1907697-48EB-4CC3-A44B-4A054ED5E96F}.Release|x64.ActiveCfg = Release|x64
		{F1907697-48EB-4CC3-A44B-4A054ED5E96F}.Release|x64.Build.0 = Release|x64
		{F1907697-48EB-4CC3-A44B-4A054ED5E96F}.Release|x86.ActiveCfg = Release|x86
		{F1907697-48EB-4CC3-A44B-4A054ED5E96F}.Release|x86.Build.0 = Release|x86
		{DC6C5FB5-3B1B-4C01-BB55-0244F2F9267C}.Debug|Any CPU.ActiveCfg = Debug|Any CPU
		{DC6C5FB5-3B1B-4C01-BB55-0244F2F9267C}.Debug|Any CPU.Build.0 = Debug|Any CPU
		{DC6C5FB5-3B1B-4C01-BB55-0244F2F9267C}.Debug|x64.ActiveCfg = Debug|x64
		{DC6C5FB5-3B1B-4C01-BB55-0244F2F9267C}.Debug|x64.Build.0 = Debug|x64
		{DC6C5FB5-3B1B-4C01-BB55-0244F2F9267C}.Debug|x86.ActiveCfg = Debug|x86
		{DC6C5FB5-3B1B-4C01-BB55-0244F2F9267C}.Debug|x86.Build.0 = Debug|x86
		{DC6C5FB5-3B1B-4C01-BB55-0244F2F9267C}.Release|Any CPU.ActiveCfg = Release|Any CPU
		{DC6C5FB5-3B1B-4C01-BB55-0244F2F9267C}.Release|Any CPU.Build.0 = Release|Any CPU
		{DC6C5FB5-3B1B-4C01-BB55-0244F2F9267C}.Release|x64.ActiveCfg = Release|x64
		{DC6C5FB5-3B1B-4C01-BB55-0244F2F9267C}.Release|x64.Build.0 = Release|x64
		{DC6C5FB5-3B1B-4C01-BB55-0244F2F9267C}.Release|x86.ActiveCfg = Release|x86
		{DC6C5FB5-3B1B-4C01-BB55-0244F2F9267C}.Release|x86.Build.0 = Release|x86
		{E06A5B58-A0C9-4A75-8104-782332A364EA}.Debug|Any CPU.ActiveCfg = Debug|Any CPU
		{E06A5B58-A0C9-4A75-8104-782332A364EA}.Debug|Any CPU.Build.0 = Debug|Any CPU
		{E06A5B58-A0C9-4A75-8104-782332A364EA}.Debug|x64.ActiveCfg = Debug|x64
		{E06A5B58-A0C9-4A75-8104-782332A364EA}.Debug|x64.Build.0 = Debug|x64
		{E06A5B58-A0C9-4A75-8104-782332A364EA}.Debug|x86.ActiveCfg = Debug|x86
		{E06A5B58-A0C9-4A75-8104-782332A364EA}.Debug|x86.Build.0 = Debug|x86
		{E06A5B58-A0C9-4A75-8104-782332A364EA}.Release|Any CPU.ActiveCfg = Release|Any CPU
		{E06A5B58-A0C9-4A75-8104-782332A364EA}.Release|Any CPU.Build.0 = Release|Any CPU
		{E06A5B58-A0C9-4A75-8104-782332A364EA}.Release|x64.ActiveCfg = Release|x64
		{E06A5B58-A0C9-4A75-8104-782332A364EA}.Release|x64.Build.0 = Release|x64
		{E06A5B58-A0C9-4A75-8104-782332A364EA}.Release|x86.ActiveCfg = Release|x86
		{E06A5B58-A0C9-4A75-8104-782332A364EA}.Release|x86.Build.0 = Release|x86
		{3969E23A-E219-4EA3-8FF1-B027F72CA603}.Debug|Any CPU.ActiveCfg = Debug|Any CPU
		{3969E23A-E219-4EA3-8FF1-B027F72CA603}.Debug|Any CPU.Build.0 = Debug|Any CPU
		{3969E23A-E219-4EA3-8FF1-B027F72CA603}.Debug|x64.ActiveCfg = Debug|x64
		{3969E23A-E219-4EA3-8FF1-B027F72CA603}.Debug|x64.Build.0 = Debug|x64
		{3969E23A-E219-4EA3-8FF1-B027F72CA603}.Debug|x86.ActiveCfg = Debug|x86
		{3969E23A-E219-4EA3-8FF1-B027F72CA603}.Debug|x86.Build.0 = Debug|x86
		{3969E23A-E219-4EA3-8FF1-B027F72CA603}.Release|Any CPU.ActiveCfg = Release|Any CPU
		{3969E23A-E219-4EA3-8FF1-B027F72CA603}.Release|Any CPU.Build.0 = Release|Any CPU
		{3969E23A-E219-4EA3-8FF1-B027F72CA603}.Release|x64.ActiveCfg = Release|x64
		{3969E23A-E219-4EA3-8FF1-B027F72CA603}.Release|x64.Build.0 = Release|x64
		{3969E23A-E219-4EA3-8FF1-B027F72CA603}.Release|x86.ActiveCfg = Release|x86
		{3969E23A-E219-4EA3-8FF1-B027F72CA603}.Release|x86.Build.0 = Release|x86
		{B83B8D82-8F5D-46AF-9403-3020CAB2368A}.Debug|Any CPU.ActiveCfg = Debug|Any CPU
		{B83B8D82-8F5D-46AF-9403-3020CAB2368A}.Debug|Any CPU.Build.0 = Debug|Any CPU
		{B83B8D82-8F5D-46AF-9403-3020CAB2368A}.Debug|x64.ActiveCfg = Debug|x64
		{B83B8D82-8F5D-46AF-9403-3020CAB2368A}.Debug|x64.Build.0 = Debug|x64
		{B83B8D82-8F5D-46AF-9403-3020CAB2368A}.Debug|x86.ActiveCfg = Debug|x86
		{B83B8D82-8F5D-46AF-9403-3020CAB2368A}.Debug|x86.Build.0 = Debug|x86
		{B83B8D82-8F5D-46AF-9403-3020CAB2368A}.Release|Any CPU.ActiveCfg = Release|Any CPU
		{B83B8D82-8F5D-46AF-9403-3020CAB2368A}.Release|Any CPU.Build.0 = Release|Any CPU
		{B83B8D82-8F5D-46AF-9403-3020CAB2368A}.Release|x64.ActiveCfg = Release|x64
		{B83B8D82-8F5D-46AF-9403-3020CAB2368A}.Release|x64.Build.0 = Release|x64
		{B83B8D82-8F5D-46AF-9403-3020CAB2368A}.Release|x86.ActiveCfg = Release|x86
		{B83B8D82-8F5D-46AF-9403-3020CAB2368A}.Release|x86.Build.0 = Release|x86
		{F7E3CA05-38FF-4AEE-AEFF-CF22F756DCA4}.Debug|Any CPU.ActiveCfg = Debug|Any CPU
		{F7E3CA05-38FF-4AEE-AEFF-CF22F756DCA4}.Debug|Any CPU.Build.0 = Debug|Any CPU
		{F7E3CA05-38FF-4AEE-AEFF-CF22F756DCA4}.Debug|x64.ActiveCfg = Debug|x64
		{F7E3CA05-38FF-4AEE-AEFF-CF22F756DCA4}.Debug|x64.Build.0 = Debug|x64
		{F7E3CA05-38FF-4AEE-AEFF-CF22F756DCA4}.Debug|x86.ActiveCfg = Debug|x86
		{F7E3CA05-38FF-4AEE-AEFF-CF22F756DCA4}.Debug|x86.Build.0 = Debug|x86
		{F7E3CA05-38FF-4AEE-AEFF-CF22F756DCA4}.Release|Any CPU.ActiveCfg = Release|Any CPU
		{F7E3CA05-38FF-4AEE-AEFF-CF22F756DCA4}.Release|Any CPU.Build.0 = Release|Any CPU
		{F7E3CA05-38FF-4AEE-AEFF-CF22F756DCA4}.Release|x64.ActiveCfg = Release|x64
		{F7E3CA05-38FF-4AEE-AEFF-CF22F756DCA4}.Release|x64.Build.0 = Release|x64
		{F7E3CA05-38FF-4AEE-AEFF-CF22F756DCA4}.Release|x86.ActiveCfg = Release|x86
		{F7E3CA05-38FF-4AEE-AEFF-CF22F756DCA4}.Release|x86.Build.0 = Release|x86
	EndGlobalSection
	GlobalSection(SolutionProperties) = preSolution
		HideSolutionNode = FALSE
	EndGlobalSection
	GlobalSection(NestedProjects) = preSolution
		{32E4B61B-EA6A-4FDF-9D4C-BEDCED6EAEC6} = {1EA101F2-63BB-4B8B-9F59-AE8F660F4A13}
		{7D435B46-5001-47CA-9910-C01BAB990344} = {1EA101F2-63BB-4B8B-9F59-AE8F660F4A13}
		{4941E4C0-DA98-47C2-AB9D-A4D6A018663A} = {1EA101F2-63BB-4B8B-9F59-AE8F660F4A13}
		{F1907697-48EB-4CC3-A44B-4A054ED5E96F} = {41EAC61D-9842-4D3D-B271-A4E82479A6D5}
		{41EAC61D-9842-4D3D-B271-A4E82479A6D5} = {1D525D87-6EE2-4028-8474-B6D9B2C30E13}
		{DC6C5FB5-3B1B-4C01-BB55-0244F2F9267C} = {41EAC61D-9842-4D3D-B271-A4E82479A6D5}
		{E06A5B58-A0C9-4A75-8104-782332A364EA} = {41EAC61D-9842-4D3D-B271-A4E82479A6D5}
		{86629BB5-F133-49F5-934E-2715431125DF} = {1D525D87-6EE2-4028-8474-B6D9B2C30E13}
		{B83B8D82-8F5D-46AF-9403-3020CAB2368A} = {86629BB5-F133-49F5-934E-2715431125DF}
		{F7E3CA05-38FF-4AEE-AEFF-CF22F756DCA4} = {86629BB5-F133-49F5-934E-2715431125DF}
	EndGlobalSection
EndGlobal
